
Microsoft Visual Studio Solution File, Format Version 12.00
# Visual Studio 14
VisualStudioVersion = 14.0.24720.0
MinimumVisualStudioVersion = 10.0.40219.1
Project("{FAE04EC0-301F-11D3-BF4B-00C04F79EFBC}") = "Gerrit.Api", "Gerrit.Api\Gerrit.Api.csproj", "{E93A562C-1030-439B-910E-79350AF7083E}"
EndProject
Project("{FAE04EC0-301F-11D3-BF4B-00C04F79EFBC}") = "Gerrit.Api.Domain", "Gerrit.Api.Domain\Gerrit.Api.Domain.csproj", "{8379667A-3512-4F0E-95E2-75994B474C6B}"
EndProject
Project("{FAE04EC0-301F-11D3-BF4B-00C04F79EFBC}") = "Gerrit.Api.Tests", "Gerrit.Api.Tests\Gerrit.Api.Tests.csproj", "{BEA5B63B-BD97-4950-9B93-2C6034645E0A}"
EndProject
Project("{FAE04EC0-301F-11D3-BF4B-00C04F79EFBC}") = "Gerrit.Api.QuickStart", "Gerrit.Api.QuickStart\Gerrit.Api.QuickStart.csproj", "{2BD32A2C-2519-4DFA-9DBC-44FEF5AB2FAE}"
EndProject
Global
	GlobalSection(SolutionConfigurationPlatforms) = preSolution
		Debug|Any CPU = Debug|Any CPU
		Release|Any CPU = Release|Any CPU
	EndGlobalSection
	GlobalSection(ProjectConfigurationPlatforms) = postSolution
		{E93A562C-1030-439B-910E-79350AF7083E}.Debug|Any CPU.ActiveCfg = Debug|Any CPU
		{E93A562C-1030-439B-910E-79350AF7083E}.Debug|Any CPU.Build.0 = Debug|Any CPU
		{E93A562C-1030-439B-910E-79350AF7083E}.Release|Any CPU.ActiveCfg = Release|Any CPU
		{E93A562C-1030-439B-910E-79350AF7083E}.Release|Any CPU.Build.0 = Release|Any CPU
		{8379667A-3512-4F0E-95E2-75994B474C6B}.Debug|Any CPU.ActiveCfg = Debug|Any CPU
		{8379667A-3512-4F0E-95E2-75994B474C6B}.Debug|Any CPU.Build.0 = Debug|Any CPU
		{8379667A-3512-4F0E-95E2-75994B474C6B}.Release|Any CPU.ActiveCfg = Release|Any CPU
		{8379667A-3512-4F0E-95E2-75994B474C6B}.Release|Any CPU.Build.0 = Release|Any CPU
		{BEA5B63B-BD97-4950-9B93-2C6034645E0A}.Debug|Any CPU.ActiveCfg = Debug|Any CPU
		{BEA5B63B-BD97-4950-9B93-2C6034645E0A}.Debug|Any CPU.Build.0 = Debug|Any CPU
		{BEA5B63B-BD97-4950-9B93-2C6034645E0A}.Release|Any CPU.ActiveCfg = Release|Any CPU
		{BEA5B63B-BD97-4950-9B93-2C6034645E0A}.Release|Any CPU.Build.0 = Release|Any CPU
		{2BD32A2C-2519-4DFA-9DBC-44FEF5AB2FAE}.Debug|Any CPU.ActiveCfg = Debug|Any CPU
		{2BD32A2C-2519-4DFA-9DBC-44FEF5AB2FAE}.Debug|Any CPU.Build.0 = Debug|Any CPU
		{2BD32A2C-2519-4DFA-9DBC-44FEF5AB2FAE}.Release|Any CPU.ActiveCfg = Release|Any CPU
		{2BD32A2C-2519-4DFA-9DBC-44FEF5AB2FAE}.Release|Any CPU.Build.0 = Release|Any CPU
	EndGlobalSection
	GlobalSection(SolutionProperties) = preSolution
		HideSolutionNode = FALSE
	EndGlobalSection
EndGlobal
